
Microsoft Visual Studio Solution File, Format Version 12.00
# Visual Studio Version 16
VisualStudioVersion = 16.0.31205.134
MinimumVisualStudioVersion = 10.0.40219.1
Project("{FAE04EC0-301F-11D3-BF4B-00C04F79EFBC}") = "Ecommerce.Android", "Ecommerce\Ecommerce.Android\Ecommerce.Android.csproj", "{0AA7CBBD-F15E-4D3A-8CAD-EB3372E76D38}"
EndProject
Project("{FAE04EC0-301F-11D3-BF4B-00C04F79EFBC}") = "Ecommerce.iOS", "Ecommerce\Ecommerce.iOS\Ecommerce.iOS.csproj", "{05C9CA95-C0F3-4052-B5F0-A52E3B366E7E}"
EndProject
Project("{FAE04EC0-301F-11D3-BF4B-00C04F79EFBC}") = "Ecommerce", "Ecommerce\Ecommerce\Ecommerce.csproj", "{266A7105-3B16-4DEC-8650-9931AD639D77}"
EndProject
Global
	GlobalSection(SolutionConfigurationPlatforms) = preSolution
		Debug|Any CPU = Debug|Any CPU
		Debug|iPhone = Debug|iPhone
		Debug|iPhoneSimulator = Debug|iPhoneSimulator
		Release|Any CPU = Release|Any CPU
		Release|iPhone = Release|iPhone
		Release|iPhoneSimulator = Release|iPhoneSimulator
	EndGlobalSection
	GlobalSection(ProjectConfigurationPlatforms) = postSolution
		{0AA7CBBD-F15E-4D3A-8CAD-EB3372E76D38}.Debug|Any CPU.ActiveCfg = Debug|Any CPU
		{0AA7CBBD-F15E-4D3A-8CAD-EB3372E76D38}.Debug|Any CPU.Build.0 = Debug|Any CPU
		{0AA7CBBD-F15E-4D3A-8CAD-EB3372E76D38}.Debug|Any CPU.Deploy.0 = Debug|Any CPU
		{0AA7CBBD-F15E-4D3A-8CAD-EB3372E76D38}.Debug|iPhone.ActiveCfg = Debug|Any CPU
		{0AA7CBBD-F15E-4D3A-8CAD-EB3372E76D38}.Debug|iPhone.Build.0 = Debug|Any CPU
		{0AA7CBBD-F15E-4D3A-8CAD-EB3372E76D38}.Debug|iPhone.Deploy.0 = Debug|Any CPU
		{0AA7CBBD-F15E-4D3A-8CAD-EB3372E76D38}.Debug|iPhoneSimulator.ActiveCfg = Debug|Any CPU
		{0AA7CBBD-F15E-4D3A-8CAD-EB3372E76D38}.Debug|iPhoneSimulator.Build.0 = Debug|Any CPU
		{0AA7CBBD-F15E-4D3A-8CAD-EB3372E76D38}.Debug|iPhoneSimulator.Deploy.0 = Debug|Any CPU
		{0AA7CBBD-F15E-4D3A-8CAD-EB3372E76D38}.Release|Any CPU.ActiveCfg = Release|Any CPU
		{0AA7CBBD-F15E-4D3A-8CAD-EB3372E76D38}.Release|Any CPU.Build.0 = Release|Any CPU
		{0AA7CBBD-F15E-4D3A-8CAD-EB3372E76D38}.Release|Any CPU.Deploy.0 = Release|Any CPU
		{0AA7CBBD-F15E-4D3A-8CAD-EB3372E76D38}.Release|iPhone.ActiveCfg = Release|Any CPU
		{0AA7CBBD-F15E-4D3A-8CAD-EB3372E76D38}.Release|iPhone.Build.0 = Release|Any CPU
		{0AA7CBBD-F15E-4D3A-8CAD-EB3372E76D38}.Release|iPhone.Deploy.0 = Release|Any CPU
		{0AA7CBBD-F15E-4D3A-8CAD-EB3372E76D38}.Release|iPhoneSimulator.ActiveCfg = Release|Any CPU
		{0AA7CBBD-F15E-4D3A-8CAD-EB3372E76D38}.Release|iPhoneSimulator.Build.0 = Release|Any CPU
		{0AA7CBBD-F15E-4D3A-8CAD-EB3372E76D38}.Release|iPhoneSimulator.Deploy.0 = Release|Any CPU
		{05C9CA95-C0F3-4052-B5F0-A52E3B366E7E}.Debug|Any CPU.ActiveCfg = Debug|iPhone
		{05C9CA95-C0F3-4052-B5F0-A52E3B366E7E}.Debug|Any CPU.Build.0 = Debug|iPhone
		{05C9CA95-C0F3-4052-B5F0-A52E3B366E7E}.Debug|Any CPU.Deploy.0 = Debug|iPhone
		{05C9CA95-C0F3-4052-B5F0-A52E3B366E7E}.Debug|iPhone.ActiveCfg = Debug|iPhone
		{05C9CA95-C0F3-4052-B5F0-A52E3B366E7E}.Debug|iPhone.Build.0 = Debug|iPhone
		{05C9CA95-C0F3-4052-B5F0-A52E3B366E7E}.Debug|iPhone.Deploy.0 = Debug|iPhone
		{05C9CA95-C0F3-4052-B5F0-A52E3B366E7E}.Debug|iPhoneSimulator.ActiveCfg = Debug|iPhoneSimulator
		{05C9CA95-C0F3-4052-B5F0-A52E3B366E7E}.Debug|iPhoneSimulator.Build.0 = Debug|iPhoneSimulator
		{05C9CA95-C0F3-4052-B5F0-A52E3B366E7E}.Debug|iPhoneSimulator.Deploy.0 = Debug|iPhoneSimulator
		{05C9CA95-C0F3-4052-B5F0-A52E3B366E7E}.Release|Any CPU.ActiveCfg = Release|iPhoneSimulator
		{05C9CA95-C0F3-4052-B5F0-A52E3B366E7E}.Release|Any CPU.Build.0 = Release|iPhoneSimulator
		{05C9CA95-C0F3-4052-B5F0-A52E3B366E7E}.Release|Any CPU.Deploy.0 = Release|iPhoneSimulator
		{05C9CA95-C0F3-4052-B5F0-A52E3B366E7E}.Release|iPhone.ActiveCfg = Release|iPhone
		{05C9CA95-C0F3-4052-B5F0-A52E3B366E7E}.Release|iPhone.Build.0 = Release|iPhone
		{05C9CA95-C0F3-4052-B5F0-A52E3B366E7E}.Release|iPhone.Deploy.0 = Release|iPhone
		{05C9CA95-C0F3-4052-B5F0-A52E3B366E7E}.Release|iPhoneSimulator.ActiveCfg = Release|iPhoneSimulator
		{05C9CA95-C0F3-4052-B5F0-A52E3B366E7E}.Release|iPhoneSimulator.Build.0 = Release|iPhoneSimulator
		{05C9CA95-C0F3-4052-B5F0-A52E3B366E7E}.Release|iPhoneSimulator.Deploy.0 = Release|iPhoneSimulator
		{266A7105-3B16-4DEC-8650-9931AD639D77}.Debug|Any CPU.ActiveCfg = Debug|Any CPU
		{266A7105-3B16-4DEC-8650-9931AD639D77}.Debug|Any CPU.Build.0 = Debug|Any CPU
		{266A7105-3B16-4DEC-8650-9931AD639D77}.Debug|Any CPU.Deploy.0 = Debug|Any CPU
		{266A7105-3B16-4DEC-8650-9931AD639D77}.Debug|iPhone.ActiveCfg = Debug|Any CPU
		{266A7105-3B16-4DEC-8650-9931AD639D77}.Debug|iPhone.Build.0 = Debug|Any CPU
		{266A7105-3B16-4DEC-8650-9931AD639D77}.Debug|iPhone.Deploy.0 = Debug|Any CPU
		{266A7105-3B16-4DEC-8650-9931AD639D77}.Debug|iPhoneSimulator.ActiveCfg = Debug|Any CPU
		{266A7105-3B16-4DEC-8650-9931AD639D77}.Debug|iPhoneSimulator.Build.0 = Debug|Any CPU
		{266A7105-3B16-4DEC-8650-9931AD639D77}.Debug|iPhoneSimulator.Deploy.0 = Debug|Any CPU
		{266A7105-3B16-4DEC-8650-9931AD639D77}.Release|Any CPU.ActiveCfg = Release|Any CPU
		{266A7105-3B16-4DEC-8650-9931AD639D77}.Release|Any CPU.Build.0 = Release|Any CPU
		{266A7105-3B16-4DEC-8650-9931AD639D77}.Release|Any CPU.Deploy.0 = Release|Any CPU
		{266A7105-3B16-4DEC-8650-9931AD639D77}.Release|iPhone.ActiveCfg = Release|Any CPU
		{266A7105-3B16-4DEC-8650-9931AD639D77}.Release|iPhone.Build.0 = Release|Any CPU
		{266A7105-3B16-4DEC-8650-9931AD639D77}.Release|iPhone.Deploy.0 = Release|Any CPU
		{266A7105-3B16-4DEC-8650-9931AD639D77}.Release|iPhoneSimulator.ActiveCfg = Release|Any CPU
		{266A7105-3B16-4DEC-8650-9931AD639D77}.Release|iPhoneSimulator.Build.0 = Release|Any CPU
		{266A7105-3B16-4DEC-8650-9931AD639D77}.Release|iPhoneSimulator.Deploy.0 = Release|Any CPU
	EndGlobalSection
	GlobalSection(SolutionProperties) = preSolution
		HideSolutionNode = FALSE
	EndGlobalSection
	GlobalSection(ExtensibilityGlobals) = postSolution
		SolutionGuid = {3BBBC54E-7FE8-4FE7-81BB-7475C8A555D7}
	EndGlobalSection
EndGlobal
